
Microsoft Visual Studio Solution File, Format Version 12.00
# Visual Studio Version 16
VisualStudioVersion = 16.0.29920.165
MinimumVisualStudioVersion = 10.0.40219.1
Project("{FAE04EC0-301F-11D3-BF4B-00C04F79EFBC}") = "MiljarderNova", "MiljarderNova\MiljarderNova.csproj", "{1A232FA4-EAD2-4743-B72C-A5940F144E05}"
EndProject
Global
	GlobalSection(SolutionConfigurationPlatforms) = preSolution
		Debug|Any CPU = Debug|Any CPU
		Release|Any CPU = Release|Any CPU
	EndGlobalSection
	GlobalSection(ProjectConfigurationPlatforms) = postSolution
		{1A232FA4-EAD2-4743-B72C-A5940F144E05}.Debug|Any CPU.ActiveCfg = Debug|Any CPU
		{1A232FA4-EAD2-4743-B72C-A5940F144E05}.Debug|Any CPU.Build.0 = Debug|Any CPU
		{1A232FA4-EAD2-4743-B72C-A5940F144E05}.Release|Any CPU.ActiveCfg = Release|Any CPU
		{1A232FA4-EAD2-4743-B72C-A5940F144E05}.Release|Any CPU.Build.0 = Release|Any CPU
	EndGlobalSection
	GlobalSection(SolutionProperties) = preSolution
		HideSolutionNode = FALSE
	EndGlobalSection
	GlobalSection(ExtensibilityGlobals) = postSolution
		SolutionGuid = {328198FE-E469-4CE0-8D7A-27185EC29282}
	EndGlobalSection
EndGlobal
