
Microsoft Visual Studio Solution File, Format Version 12.00
# Visual Studio Version 16
VisualStudioVersion = 16.0.29920.165
MinimumVisualStudioVersion = 10.0.40219.1
Project("{FAE04EC0-301F-11D3-BF4B-00C04F79EFBC}") = "NajprejKoda", "NajprejKoda\NajprejKoda.csproj", "{635225F1-D1C1-4D79-AD99-F7BFE9E1BF29}"
EndProject
Global
	GlobalSection(SolutionConfigurationPlatforms) = preSolution
		Debug|Any CPU = Debug|Any CPU
		Release|Any CPU = Release|Any CPU
	EndGlobalSection
	GlobalSection(ProjectConfigurationPlatforms) = postSolution
		{635225F1-D1C1-4D79-AD99-F7BFE9E1BF29}.Debug|Any CPU.ActiveCfg = Debug|Any CPU
		{635225F1-D1C1-4D79-AD99-F7BFE9E1BF29}.Debug|Any CPU.Build.0 = Debug|Any CPU
		{635225F1-D1C1-4D79-AD99-F7BFE9E1BF29}.Release|Any CPU.ActiveCfg = Release|Any CPU
		{635225F1-D1C1-4D79-AD99-F7BFE9E1BF29}.Release|Any CPU.Build.0 = Release|Any CPU
	EndGlobalSection
	GlobalSection(SolutionProperties) = preSolution
		HideSolutionNode = FALSE
	EndGlobalSection
	GlobalSection(ExtensibilityGlobals) = postSolution
		SolutionGuid = {C76E38D6-E17D-4C1B-B46D-07F40C22335E}
	EndGlobalSection
EndGlobal
